
Microsoft Visual Studio Solution File, Format Version 12.00
# Visual Studio Version 16
VisualStudioVersion = 16.0.31321.278
MinimumVisualStudioVersion = 10.0.40219.1
Project("{9A19103F-16F7-4668-BE54-9A1E7A4F7556}") = "Apsis.Domain", "Apsis.Domain\Apsis.Domain.csproj", "{F6A8094C-E5A1-4D17-BC91-8D5036504C00}"
EndProject
Project("{FAE04EC0-301F-11D3-BF4B-00C04F79EFBC}") = "Apsis.Infrastructure", "Apsis.Infrastructure\Apsis.Infrastructure.csproj", "{125D132A-FFE7-4B69-8F70-4C2AF0699B22}"
EndProject
Project("{FAE04EC0-301F-11D3-BF4B-00C04F79EFBC}") = "Apsis.Application", "Apsis.Application\Apsis.Application.csproj", "{6073446A-AFF5-4CCC-A7E7-894BBA2698E9}"
EndProject
Project("{FAE04EC0-301F-11D3-BF4B-00C04F79EFBC}") = "Apsis.WebUI", "Apsis.WebUI\Apsis.WebUI.csproj", "{D6DC339F-DBC2-4106-9628-61DBCD70AD92}"
EndProject
Global
	GlobalSection(SolutionConfigurationPlatforms) = preSolution
		Debug|Any CPU = Debug|Any CPU
		Release|Any CPU = Release|Any CPU
	EndGlobalSection
	GlobalSection(ProjectConfigurationPlatforms) = postSolution
		{F6A8094C-E5A1-4D17-BC91-8D5036504C00}.Debug|Any CPU.ActiveCfg = Debug|Any CPU
		{F6A8094C-E5A1-4D17-BC91-8D5036504C00}.Debug|Any CPU.Build.0 = Debug|Any CPU
		{F6A8094C-E5A1-4D17-BC91-8D5036504C00}.Release|Any CPU.ActiveCfg = Release|Any CPU
		{F6A8094C-E5A1-4D17-BC91-8D5036504C00}.Release|Any CPU.Build.0 = Release|Any CPU
		{125D132A-FFE7-4B69-8F70-4C2AF0699B22}.Debug|Any CPU.ActiveCfg = Debug|Any CPU
		{125D132A-FFE7-4B69-8F70-4C2AF0699B22}.Debug|Any CPU.Build.0 = Debug|Any CPU
		{125D132A-FFE7-4B69-8F70-4C2AF0699B22}.Release|Any CPU.ActiveCfg = Release|Any CPU
		{125D132A-FFE7-4B69-8F70-4C2AF0699B22}.Release|Any CPU.Build.0 = Release|Any CPU
		{6073446A-AFF5-4CCC-A7E7-894BBA2698E9}.Debug|Any CPU.ActiveCfg = Debug|Any CPU
		{6073446A-AFF5-4CCC-A7E7-894BBA2698E9}.Debug|Any CPU.Build.0 = Debug|Any CPU
		{6073446A-AFF5-4CCC-A7E7-894BBA2698E9}.Release|Any CPU.ActiveCfg = Release|Any CPU
		{6073446A-AFF5-4CCC-A7E7-894BBA2698E9}.Release|Any CPU.Build.0 = Release|Any CPU
		{D6DC339F-DBC2-4106-9628-61DBCD70AD92}.Debug|Any CPU.ActiveCfg = Debug|Any CPU
		{D6DC339F-DBC2-4106-9628-61DBCD70AD92}.Debug|Any CPU.Build.0 = Debug|Any CPU
		{D6DC339F-DBC2-4106-9628-61DBCD70AD92}.Release|Any CPU.ActiveCfg = Release|Any CPU
		{D6DC339F-DBC2-4106-9628-61DBCD70AD92}.Release|Any CPU.Build.0 = Release|Any CPU
	EndGlobalSection
	GlobalSection(SolutionProperties) = preSolution
		HideSolutionNode = FALSE
	EndGlobalSection
	GlobalSection(ExtensibilityGlobals) = postSolution
		SolutionGuid = {44BE3150-CC96-4339-B33E-6A6D6362BB95}
	EndGlobalSection
EndGlobal
